Microsoft Visual Studio Solution File, Format Version 11.00
# Visual Studio 2008

Project("{E976B9D9-3D3A-A2F1-5F28-FD49376AE308}") = "Clase6", "Assembly-CSharp.csproj", "{7D392BA4-A6F7-B8C8-2899-E47008F82F34}"
EndProject
Global
	GlobalSection(SolutionConfigurationPlatforms) = preSolution
		Debug|Any CPU = Debug|Any CPU
		Release|Any CPU = Release|Any CPU
	EndGlobalSection
	GlobalSection(ProjectConfigurationPlatforms) = postSolution
		{7D392BA4-A6F7-B8C8-2899-E47008F82F34}.Debug|Any CPU.ActiveCfg = Debug|Any CPU
		{7D392BA4-A6F7-B8C8-2899-E47008F82F34}.Debug|Any CPU.Build.0 = Debug|Any CPU
		{7D392BA4-A6F7-B8C8-2899-E47008F82F34}.Release|Any CPU.ActiveCfg = Release|Any CPU
		{7D392BA4-A6F7-B8C8-2899-E47008F82F34}.Release|Any CPU.Build.0 = Release|Any CPU
	EndGlobalSection
	GlobalSection(SolutionProperties) = preSolution
		HideSolutionNode = FALSE
	EndGlobalSection
	GlobalSection(MonoDevelopProperties) = preSolution
		StartupItem = Assembly-CSharp.csproj
	EndGlobalSection
EndGlobal
