Microsoft Visual Studio Solution File, Format Version 11.00
# Visual Studio 2008

Project("{19A34C45-326A-3A9A-9806-FC659736E5FC}") = "Clase1", "Assembly-CSharp.csproj", "{46BA5A3B-A55F-B666-F33F-BD722655AA02}"
EndProject
Global
	GlobalSection(SolutionConfigurationPlatforms) = preSolution
		Debug|Any CPU = Debug|Any CPU
		Release|Any CPU = Release|Any CPU
	EndGlobalSection
	GlobalSection(ProjectConfigurationPlatforms) = postSolution
		{46BA5A3B-A55F-B666-F33F-BD722655AA02}.Debug|Any CPU.ActiveCfg = Debug|Any CPU
		{46BA5A3B-A55F-B666-F33F-BD722655AA02}.Debug|Any CPU.Build.0 = Debug|Any CPU
		{46BA5A3B-A55F-B666-F33F-BD722655AA02}.Release|Any CPU.ActiveCfg = Release|Any CPU
		{46BA5A3B-A55F-B666-F33F-BD722655AA02}.Release|Any CPU.Build.0 = Release|Any CPU
	EndGlobalSection
	GlobalSection(SolutionProperties) = preSolution
		HideSolutionNode = FALSE
	EndGlobalSection
	GlobalSection(MonoDevelopProperties) = preSolution
		StartupItem = Assembly-CSharp.csproj
	EndGlobalSection
EndGlobal
